// !$*UTF8*$!
{
	archiveVersion = 1;
	classes = {
	};
	objectVersion = 46;
	objects = {

/* Begin PBXBuildFile section */
		BA1372F11A72AF6B00C09908 /* AppDelegate.swift in Sources */ = {isa = PBXBuildFile; fileRef = BA1372F01A72AF6B00C09908 /* AppDelegate.swift */; };
		BA1372F31A72AF6B00C09908 /* ViewController.swift in Sources */ = {isa = PBXBuildFile; fileRef = BA1372F21A72AF6B00C09908 /* ViewController.swift */; };
		BA1372F61A72AF6B00C09908 /* Main.storyboard in Resources */ = {isa = PBXBuildFile; fileRef = BA1372F41A72AF6B00C09908 /* Main.storyboard */; };
		BA1372F81A72AF6B00C09908 /* Images.xcassets in Resources */ = {isa = PBXBuildFile; fileRef = BA1372F71A72AF6B00C09908 /* Images.xcassets */; };
		BA1372FB1A72AF6B00C09908 /* LaunchScreen.xib in Resources */ = {isa = PBXBuildFile; fileRef = BA1372F91A72AF6B00C09908 /* LaunchScreen.xib */; };
		BA1373071A72AF6B00C09908 /* PostcardTests.swift in Sources */ = {isa = PBXBuildFile; fileRef = BA1373061A72AF6B00C09908 /* PostcardTests.swift */; };
		BA1373111A762EC100C09908 /* SagradaFamilia.jpeg in Resources */ = {isa = PBXBuildFile; fileRef = BA1373101A762EC100C09908 /* SagradaFamilia.jpeg */; };
		BA1373131A762ED200C09908 /* AlbertEinsteinStamp.jpg in Resources */ = {isa = PBXBuildFile; fileRef = BA1373121A762ED200C09908 /* AlbertEinsteinStamp.jpg */; };
/* End PBXBuildFile section */

/* Begin PBXContainerItemProxy section */
		BA1373011A72AF6B00C09908 /* PBXContainerItemProxy */ = {
			isa = PBXContainerItemProxy;
			containerPortal = BA1372E31A72AF6B00C09908 /* Project object */;
			proxyType = 1;
			remoteGlobalIDString = BA1372EA1A72AF6B00C09908;
			remoteInfo = Postcard;
		};
/* End PBXContainerItemProxy section */

/* Begin PBXFileReference section */
		BA1372EB1A72AF6B00C09908 /* Postcard.app */ = {isa = PBXFileReference; explicitFileType = wrapper.application; includeInIndex = 0; path = Postcard.app; sourceTree = BUILT_PRODUCTS_DIR; };
		BA1372EF1A72AF6B00C09908 /* Info.plist */ = {isa = PBXFileReference; lastKnownFileType = text.plist.xml; path = Info.plist; sourceTree = "<group>"; };
		BA1372F01A72AF6B00C09908 /* AppDelegate.swift */ = {isa = PBXFileReference; lastKnownFileType = sourcecode.swift; path = AppDelegate.swift; sourceTree = "<group>"; };
		BA1372F21A72AF6B00C09908 /* ViewController.swift */ = {isa = PBXFileReference; lastKnownFileType = sourcecode.swift; path = ViewController.swift; sourceTree = "<group>"; };
		BA1372F51A72AF6B00C09908 /* Base */ = {isa = PBXFileReference; lastKnownFileType = file.storyboard; name = Base; path = Base.lproj/Main.storyboard; sourceTree = "<group>"; };
		BA1372F71A72AF6B00C09908 /* Images.xcassets */ = {isa = PBXFileReference; lastKnownFileType = folder.assetcatalog; path = Images.xcassets; sourceTree = "<group>"; };
		BA1372FA1A72AF6B00C09908 /* Base */ = {isa = PBXFileReference; lastKnownFileType = file.xib; name = Base; path = Base.lproj/LaunchScreen.xib; sourceTree = "<group>"; };
		BA1373001A72AF6B00C09908 /* PostcardTests.xctest */ = {isa = PBXFileReference; explicitFileType = wrapper.cfbundle; includeInIndex = 0; path = PostcardTests.xctest; sourceTree = BUILT_PRODUCTS_DIR; };
		BA1373051A72AF6B00C09908 /* Info.plist */ = {isa = PBXFileReference; lastKnownFileType = text.plist.xml; path = Info.plist; sourceTree = "<group>"; };
		BA1373061A72AF6B00C09908 /* PostcardTests.swift */ = {isa = PBXFileReference; lastKnownFileType = sourcecode.swift; path = PostcardTests.swift; sourceTree = "<group>"; };
		BA1373101A762EC100C09908 /* SagradaFamilia.jpeg */ = {isa = PBXFileReference; lastKnownFileType = image.jpeg; path = SagradaFamilia.jpeg; sourceTree = "<group>"; };
		BA1373121A762ED200C09908 /* AlbertEinsteinStamp.jpg */ = {isa = PBXFileReference; lastKnownFileType = image.jpeg; path = AlbertEinsteinStamp.jpg; sourceTree = "<group>"; };
/* End PBXFileReference section */

/* Begin PBXFrameworksBuildPhase section */
		BA1372E81A72AF6B00C09908 /* Frameworks */ = {
			isa = PBXFrameworksBuildPhase;
			buildActionMask = 2147483647;
			files = (
			);
			runOnlyForDeploymentPostprocessing = 0;
		};
		BA1372FD1A72AF6B00C09908 /* Frameworks */ = {
			isa = PBXFrameworksBuildPhase;
			buildActionMask = 2147483647;
			files = (
			);
			runOnlyForDeploymentPostprocessing = 0;
		};
/* End PBXFrameworksBuildPhase section */

/* Begin PBXGroup section */
		BA1372E21A72AF6B00C09908 = {
			isa = PBXGroup;
			children = (
				BA1372ED1A72AF6B00C09908 /* Postcard */,
				BA1373031A72AF6B00C09908 /* PostcardTests */,
				BA1372EC1A72AF6B00C09908 /* Products */,
			);
			sourceTree = "<group>";
		};
		BA1372EC1A72AF6B00C09908 /* Products */ = {
			isa = PBXGroup;
			children = (
				BA1372EB1A72AF6B00C09908 /* Postcard.app */,
				BA1373001A72AF6B00C09908 /* PostcardTests.xctest */,
			);
			name = Products;
			sourceTree = "<group>";
		};
		BA1372ED1A72AF6B00C09908 /* Postcard */ = {
			isa = PBXGroup;
			children = (
				BA1372F01A72AF6B00C09908 /* AppDelegate.swift */,
				BA1372F21A72AF6B00C09908 /* ViewController.swift */,
				BA1372F41A72AF6B00C09908 /* Main.storyboard */,
				BA1372F71A72AF6B00C09908 /* Images.xcassets */,
				BA1372F91A72AF6B00C09908 /* LaunchScreen.xib */,
				BA1372EE1A72AF6B00C09908 /* Supporting Files */,
			);
			path = Postcard;
			sourceTree = "<group>";
		};
		BA1372EE1A72AF6B00C09908 /* Supporting Files */ = {
			isa = PBXGroup;
			children = (
				BA1373121A762ED200C09908 /* AlbertEinsteinStamp.jpg */,
				BA1373101A762EC100C09908 /* SagradaFamilia.jpeg */,
				BA1372EF1A72AF6B00C09908 /* Info.plist */,
			);
			name = "Supporting Files";
			sourceTree = "<group>";
		};
		BA1373031A72AF6B00C09908 /* PostcardTests */ = {
			isa = PBXGroup;
			children = (
				BA1373061A72AF6B00C09908 /* PostcardTests.swift */,
				BA1373041A72AF6B00C09908 /* Supporting Files */,
			);
			path = PostcardTests;
			sourceTree = "<group>";
		};
		BA1373041A72AF6B00C09908 /* Supporting Files */ = {
			isa = PBXGroup;
			children = (
				BA1373051A72AF6B00C09908 /* Info.plist */,
			);
			name = "Supporting Files";
			sourceTree = "<group>";
		};
/* End PBXGroup section */

/* Begin PBXNativeTarget section */
		BA1372EA1A72AF6B00C09908 /* Postcard */ = {
			isa = PBXNativeTarget;
			buildConfigurationList = BA13730A1A72AF6B00C09908 /* Build configuration list for PBXNativeTarget "Postcard" */;
			buildPhases = (
				BA1372E71A72AF6B00C09908 /* Sources */,
				BA1372E81A72AF6B00C09908 /* Frameworks */,
				BA1372E91A72AF6B00C09908 /* Resources */,
			);
			buildRules = (
			);
			dependencies = (
			);
			name = Postcard;
			productName = Postcard;
			productReference = BA1372EB1A72AF6B00C09908 /* Postcard.app */;
			productType = "com.apple.product-type.application";
		};
		BA1372FF1A72AF6B00C09908 /* PostcardTests */ = {
			isa = PBXNativeTarget;
			buildConfigurationList = BA13730D1A72AF6B00C09908 /* Build configuration list for PBXNativeTarget "PostcardTests" */;
			buildPhases = (
				BA1372FC1A72AF6B00C09908 /* Sources */,
				BA1372FD1A72AF6B00C09908 /* Frameworks */,
				BA1372FE1A72AF6B00C09908 /* Resources */,
			);
			buildRules = (
			);
			dependencies = (
				BA1373021A72AF6B00C09908 /* PBXTargetDependency */,
			);
			name = PostcardTests;
			productName = PostcardTests;
			productReference = BA1373001A72AF6B00C09908 /* PostcardTests.xctest */;
			productType = "com.apple.product-type.bundle.unit-test";
		};
/* End PBXNativeTarget section */

/* Begin PBXProject section */
		BA1372E31A72AF6B00C09908 /* Project object */ = {
			isa = PBXProject;
			attributes = {
				LastUpgradeCheck = 0610;
				ORGANIZATIONNAME = "Frank Servy";
				TargetAttributes = {
					BA1372EA1A72AF6B00C09908 = {
						CreatedOnToolsVersion = 6.1.1;
					};
					BA1372FF1A72AF6B00C09908 = {
						CreatedOnToolsVersion = 6.1.1;
						TestTargetID = BA1372EA1A72AF6B00C09908;
					};
				};
			};
			buildConfigurationList = BA1372E61A72AF6B00C09908 /* Build configuration list for PBXProject "Postcard" */;
			compatibilityVersion = "Xcode 3.2";
			developmentRegion = English;
			hasScannedForEncodings = 0;
			knownRegions = (
				en,
				Base,
			);
			mainGroup = BA1372E21A72AF6B00C09908;
			productRefGroup = BA1372EC1A72AF6B00C09908 /* Products */;
			projectDirPath = "";
			projectRoot = "";
			targets = (
				BA1372EA1A72AF6B00C09908 /* Postcard */,
				BA1372FF1A72AF6B00C09908 /* PostcardTests */,
			);
		};
/* End PBXProject section */

/* Begin PBXResourcesBuildPhase section */
		BA1372E91A72AF6B00C09908 /* Resources */ = {
			isa = PBXResourcesBuildPhase;
			buildActionMask = 2147483647;
			files = (
				BA1372F61A72AF6B00C09908 /* Main.storyboard in Resources */,
				BA1373111A762EC100C09908 /* SagradaFamilia.jpeg in Resources */,
				BA1373131A762ED200C09908 /* AlbertEinsteinStamp.jpg in Resources */,
				BA1372FB1A72AF6B00C09908 /* LaunchScreen.xib in Resources */,
				BA1372F81A72AF6B00C09908 /* Images.xcassets in Resources */,
			);
			runOnlyForDeploymentPostprocessing = 0;
		};
		BA1372FE1A72AF6B00C09908 /* Resources */ = {
			isa = PBXResourcesBuildPhase;
			buildActionMask = 2147483647;
			files = (
			);
			runOnlyForDeploymentPostprocessing = 0;
		};
/* End PBXResourcesBuildPhase section */

/* Begin PBXSourcesBuildPhase section */
		BA1372E71A72AF6B00C09908 /* Sources */ = {
			isa = PBXSourcesBuildPhase;
			buildActionMask = 2147483647;
			files = (
				BA1372F31A72AF6B00C09908 /* ViewController.swift in Sources */,
				BA1372F11A72AF6B00C09908 /* AppDelegate.swift in Sources */,
			);
			runOnlyForDeploymentPostprocessing = 0;
		};
		BA1372FC1A72AF6B00C09908 /* Sources */ = {
			isa = PBXSourcesBuildPhase;
			buildActionMask = 2147483647;
			files = (
				BA1373071A72AF6B00C09908 /* PostcardTests.swift in Sources */,
			);
			runOnlyForDeploymentPostprocessing = 0;
		};
/* End PBXSourcesBuildPhase section */

/* Begin PBXTargetDependency section */
		BA1373021A72AF6B00C09908 /* PBXTargetDependency */ = {
			isa = PBXTargetDependency;
			target = BA1372EA1A72AF6B00C09908 /* Postcard */;
			targetProxy = BA1373011A72AF6B00C09908 /* PBXContainerItemProxy */;
		};
/* End PBXTargetDependency section */

/* Begin PBXVariantGroup section */
		BA1372F41A72AF6B00C09908 /* Main.storyboard */ = {
			isa = PBXVariantGroup;
			children = (
				BA1372F51A72AF6B00C09908 /* Base */,
			);
			name = Main.storyboard;
			sourceTree = "<group>";
		};
		BA1372F91A72AF6B00C09908 /* LaunchScreen.xib */ = {
			isa = PBXVariantGroup;
			children = (
				BA1372FA1A72AF6B00C09908 /* Base */,
			);
			name = LaunchScreen.xib;
			sourceTree = "<group>";
		};
/* End PBXVariantGroup section */

/* Begin XCBuildConfiguration section */
		BA1373081A72AF6B00C09908 /* Debug */ = {
			isa = XCBuildConfiguration;
			buildSettings = {
				ALWAYS_SEARCH_USER_PATHS = NO;
				CLANG_CXX_LANGUAGE_STANDARD = "gnu++0x";
				CLANG_CXX_LIBRARY = "libc++";
				CLANG_ENABLE_MODULES = YES;
				CLANG_ENABLE_OBJC_ARC = YES;
				CLANG_WARN_BOOL_CONVERSION = YES;
				CLANG_WARN_CONSTANT_CONVERSION = YES;
				CLANG_WARN_DIRECT_OBJC_ISA_USAGE = YES_ERROR;
				CLANG_WARN_EMPTY_BODY = YES;
				CLANG_WARN_ENUM_CONVERSION = YES;
				CLANG_WARN_INT_CONVERSION = YES;
				CLANG_WARN_OBJC_ROOT_CLASS = YES_ERROR;
				CLANG_WARN_UNREACHABLE_CODE = YES;
				CLANG_WARN__DUPLICATE_METHOD_MATCH = YES;
				"CODE_SIGN_IDENTITY[sdk=iphoneos*]" = "iPhone Developer";
				COPY_PHASE_STRIP = NO;
				ENABLE_STRICT_OBJC_MSGSEND = YES;
				GCC_C_LANGUAGE_STANDARD = gnu99;
				GCC_DYNAMIC_NO_PIC = NO;
				GCC_OPTIMIZATION_LEVEL = 0;
				GCC_PREPROCESSOR_DEFINITIONS = (
					"DEBUG=1",
					"$(inherited)",
				);
				GCC_SYMBOLS_PRIVATE_EXTERN = NO;
				GCC_WARN_64_TO_32_BIT_CONVERSION = YES;
				GCC_WARN_ABOUT_RETURN_TYPE = YES_ERROR;
				GCC_WARN_UNDECLARED_SELECTOR = YES;
				GCC_WARN_UNINITIALIZED_AUTOS = YES_AGGRESSIVE;
				GCC_WARN_UNUSED_FUNCTION = YES;
				GCC_WARN_UNUSED_VARIABLE = YES;
				IPHONEOS_DEPLOYMENT_TARGET = 8.1;
				MTL_ENABLE_DEBUG_INFO = YES;
				ONLY_ACTIVE_ARCH = YES;
				SDKROOT = iphoneos;
				SWIFT_OPTIMIZATION_LEVEL = "-Onone";
				TARGETED_DEVICE_FAMILY = "1,2";
			};
			name = Debug;
		};
		BA1373091A72AF6B00C09908 /* Release */ = {
			isa = XCBuildConfiguration;
			buildSettings = {
				ALWAYS_SEARCH_USER_PATHS = NO;
				CLANG_CXX_LANGUAGE_STANDARD = "gnu++0x";
				CLANG_CXX_LIBRARY = "libc++";
				CLANG_ENABLE_MODULES = YES;
				CLANG_ENABLE_OBJC_ARC = YES;
				CLANG_WARN_BOOL_CONVERSION = YES;
				CLANG_WARN_CONSTANT_CONVERSION = YES;
				CLANG_WARN_DIRECT_OBJC_ISA_USAGE = YES_ERROR;
				CLANG_WARN_EMPTY_BODY = YES;
				CLANG_WARN_ENUM_CONVERSION = YES;
				CLANG_WARN_INT_CONVERSION = YES;
				CLANG_WARN_OBJC_ROOT_CLASS = YES_ERROR;
				CLANG_WARN_UNREACHABLE_CODE = YES;
				CLANG_WARN__DUPLICATE_METHOD_MATCH = YES;
				"CODE_SIGN_IDENTITY[sdk=iphoneos*]" = "iPhone Developer";
				COPY_PHASE_STRIP = YES;
				ENABLE_NS_ASSERTIONS = NO;
				ENABLE_STRICT_OBJC_MSGSEND = YES;
				GCC_C_LANGUAGE_STANDARD = gnu99;
				GCC_WARN_64_TO_32_BIT_CONVERSION = YES;
				GCC_WARN_ABOUT_RETURN_TYPE = YES_ERROR;
				GCC_WARN_UNDECLARED_SELECTOR = YES;
				GCC_WARN_UNINITIALIZED_AUTOS = YES_AGGRESSIVE;
				GCC_WARN_UNUSED_FUNCTION = YES;
				GCC_WARN_UNUSED_VARIABLE = YES;
				IPHONEOS_DEPLOYMENT_TARGET = 8.1;
				MTL_ENABLE_DEBUG_INFO = NO;
				SDKROOT = iphoneos;
				TARGETED_DEVICE_FAMILY = "1,2";
				VALIDATE_PRODUCT = YES;
			};
			name = Release;
		};
		BA13730B1A72AF6B00C09908 /* Debug */ = {
			isa = XCBuildConfiguration;
			buildSettings = {
				ASSETCATALOG_COMPILER_APPICON_NAME = AppIcon;
				INFOPLIST_FILE = Postcard/Info.plist;
				LD_RUNPATH_SEARCH_PATHS = "$(inherited) @executable_path/Frameworks";
				PRODUCT_NAME = "$(TARGET_NAME)";
			};
			name = Debug;
		};
		BA13730C1A72AF6B00C09908 /* Release */ = {
			isa = XCBuildConfiguration;
			buildSettings = {
				ASSETCATALOG_COMPILER_APPICON_NAME = AppIcon;
				INFOPLIST_FILE = Postcard/Info.plist;
				LD_RUNPATH_SEARCH_PATHS = "$(inherited) @executable_path/Frameworks";
				PRODUCT_NAME = "$(TARGET_NAME)";
			};
			name = Release;
		};
		BA13730E1A72AF6B00C09908 /* Debug */ = {
			isa = XCBuildConfiguration;
			buildSettings = {
				BUNDLE_LOADER = "$(TEST_HOST)";
				FRAMEWORK_SEARCH_PATHS = (
					"$(SDKROOT)/Developer/Library/Frameworks",
					"$(inherited)",
				);
				GCC_PREPROCESSOR_DEFINITIONS = (
					"DEBUG=1",
					"$(inherited)",
				);
				INFOPLIST_FILE = PostcardTests/Info.plist;
				LD_RUNPATH_SEARCH_PATHS = "$(inherited) @executable_path/Frameworks @loader_path/Frameworks";
				PRODUCT_NAME = "$(TARGET_NAME)";
				TEST_HOST = "$(BUILT_PRODUCTS_DIR)/Postcard.app/Postcard";
			};
			name = Debug;
		};
		BA13730F1A72AF6B00C09908 /* Release */ = {
			isa = XCBuildConfiguration;
			buildSettings = {
				BUNDLE_LOADER = "$(TEST_HOST)";
				FRAMEWORK_SEARCH_PATHS = (
					"$(SDKROOT)/Developer/Library/Frameworks",
					"$(inherited)",
				);
				INFOPLIST_FILE = PostcardTests/Info.plist;
				LD_RUNPATH_SEARCH_PATHS = "$(inherited) @executable_path/Frameworks @loader_path/Frameworks";
				PRODUCT_NAME = "$(TARGET_NAME)";
				TEST_HOST = "$(BUILT_PRODUCTS_DIR)/Postcard.app/Postcard";
			};
			name = Release;
		};
/* End XCBuildConfiguration section */

/* Begin XCConfigurationList section */
		BA1372E61A72AF6B00C09908 /* Build configuration list for PBXProject "Postcard" */ = {
			isa = XCConfigurationList;
			buildConfigurations = (
				BA1373081A72AF6B00C09908 /* Debug */,
				BA1373091A72AF6B00C09908 /* Release */,
			);
			defaultConfigurationIsVisible = 0;
			defaultConfigurationName = Release;
		};
		BA13730A1A72AF6B00C09908 /* Build configuration list for PBXNativeTarget "Postcard" */ = {
			isa = XCConfigurationList;
			buildConfigurations = (
				BA13730B1A72AF6B00C09908 /* Debug */,
				BA13730C1A72AF6B00C09908 /* Release */,
			);
			defaultConfigurationIsVisible = 0;
		};
		BA13730D1A72AF6B00C09908 /* Build configuration list for PBXNativeTarget "PostcardTests" */ = {
			isa = XCConfigurationList;
			buildConfigurations = (
				BA13730E1A72AF6B00C09908 /* Debug */,
				BA13730F1A72AF6B00C09908 /* Release */,
			);
			defaultConfigurationIsVisible = 0;
		};
/* End XCConfigurationList section */
	};
	rootObject = BA1372E31A72AF6B00C09908 /* Project object */;
}
